
Microsoft Visual Studio Solution File, Format Version 12.00
# Visual Studio 15
VisualStudioVersion = 15.0.27703.2047
MinimumVisualStudioVersion = 10.0.40219.1
Project("{FAE04EC0-301F-11D3-BF4B-00C04F79EFBC}") = "Emerald", "Emerald\Emerald.csproj", "{6F4AEC4C-C4E2-4407-B3F6-67EC9641A24B}"
EndProject
Project("{2150E333-8FDC-42A3-9474-1A3956D46DE8}") = "Solution Items", "Solution Items", "{A64334A5-7E3C-4EAE-A2F1-34DC146BFF57}"
	ProjectSection(SolutionItems) = preProject
		ReadMe.txt = ReadMe.txt
	EndProjectSection
EndProject
Global
	GlobalSection(SolutionConfigurationPlatforms) = preSolution
		Debug|Any CPU = Debug|Any CPU
		Release|Any CPU = Release|Any CPU
	EndGlobalSection
	GlobalSection(ProjectConfigurationPlatforms) = postSolution
		{6F4AEC4C-C4E2-4407-B3F6-67EC9641A24B}.Debug|Any CPU.ActiveCfg = Debug|Any CPU
		{6F4AEC4C-C4E2-4407-B3F6-67EC9641A24B}.Debug|Any CPU.Build.0 = Debug|Any CPU
		{6F4AEC4C-C4E2-4407-B3F6-67EC9641A24B}.Release|Any CPU.ActiveCfg = Release|Any CPU
		{6F4AEC4C-C4E2-4407-B3F6-67EC9641A24B}.Release|Any CPU.Build.0 = Release|Any CPU
	EndGlobalSection
	GlobalSection(SolutionProperties) = preSolution
		HideSolutionNode = FALSE
	EndGlobalSection
	GlobalSection(ExtensibilityGlobals) = postSolution
		SolutionGuid = {B6432E2B-2AFF-4E82-A7FC-F192A13664C1}
	EndGlobalSection
EndGlobal
